{
  "version": 4,
  "terraform_version": "1.15.6",
  "serial": 1,
  "lineage": "cf65ddda-d4e1-0293-f468-19df39f13dd2",
  "outputs": {
    "db_password_secret_id": {
      "value": null,
      "type": "string"
    },
    "db_user": {
      "value": "gisuser",
      "type": "string"
    },
    "instance_id": {
      "value": null,
      "type": "string"
    },
    "instance_public_ip": {
      "value": null,
      "type": "string"
    }
  },
  "resources": [
    {
      "mode": "data",
      "type": "oci_core_images",
      "name": "ubuntu_arm",
      "provider": "provider[\"registry.terraform.io/oracle/oci\"]",
      "instances": [
        {
          "schema_version": 0,
          "attributes": {
            "compartment_id": "ocid1.tenancy.oc1..aaaaaaaaiveqxkja2ekx72rjsdfojfm2sck5nnuxicjo3lytp7dy4lq76pjq",
            "display_name": null,
            "filter": null,
            "id": "CoreImagesDataSource-2769154906",
            "images": [
              {
                "agent_features": [],
                "base_image_id": "",
                "billable_size_in_gbs": "2",
                "compartment_id": "",
                "create_image_allowed": true,
                "defined_tags": {},
                "display_name": "Canonical-Ubuntu-24.04-Minimal-aarch64-2026.04.30-1",
                "freeform_tags": {},
                "id": "ocid1.image.oc1.ap-sydney-1.aaaaaaaadsqhwfl6s7xnkdahp5lusdpha6o5fveuoaxcvru7xx32dtqztvzq",
                "image_source_details": [],
                "instance_id": "",
                "launch_mode": "NATIVE",
                "launch_options": [
                  {
                    "boot_volume_type": "PARAVIRTUALIZED",
                    "firmware": "UEFI_64",
                    "is_consistent_volume_naming_enabled": true,
                    "is_pv_encryption_in_transit_enabled": true,
                    "network_type": "PARAVIRTUALIZED",
                    "remote_data_volume_type": "PARAVIRTUALIZED"
                  }
                ],
                "listing_type": "",
                "operating_system": "Canonical Ubuntu",
                "operating_system_version": "24.04 Minimal aarch64",
                "size_in_mbs": "47694",
                "state": "AVAILABLE",
                "time_created": "2026-05-06 02:23:17.003 +0000 UTC"
              },
              {
                "agent_features": [],
                "base_image_id": "",
                "billable_size_in_gbs": "2",
                "compartment_id": "",
                "create_image_allowed": true,
                "defined_tags": {},
                "display_name": "Canonical-Ubuntu-24.04-Minimal-aarch64-2026.03.31-0",
                "freeform_tags": {},
                "id": "ocid1.image.oc1.ap-sydney-1.aaaaaaaajmlf5aipryerv54ayvc5qm7dqmbhexwnzyilzydgtmisthxjjl7a",
                "image_source_details": [],
                "instance_id": "",
                "launch_mode": "NATIVE",
                "launch_options": [
                  {
                    "boot_volume_type": "PARAVIRTUALIZED",
                    "firmware": "UEFI_64",
                    "is_consistent_volume_naming_enabled": true,
                    "is_pv_encryption_in_transit_enabled": true,
                    "network_type": "PARAVIRTUALIZED",
                    "remote_data_volume_type": "PARAVIRTUALIZED"
                  }
                ],
                "listing_type": "",
                "operating_system": "Canonical Ubuntu",
                "operating_system_version": "24.04 Minimal aarch64",
                "size_in_mbs": "47694",
                "state": "AVAILABLE",
                "time_created": "2026-04-22 15:58:22.911 +0000 UTC"
              },
              {
                "agent_features": [],
                "base_image_id": "",
                "billable_size_in_gbs": "2",
                "compartment_id": "",
                "create_image_allowed": true,
                "defined_tags": {},
                "display_name": "Canonical-Ubuntu-24.04-Minimal-aarch64-2026.02.28-0",
                "freeform_tags": {},
                "id": "ocid1.image.oc1.ap-sydney-1.aaaaaaaasprcrunw26ssckiqd4oyn7mx6ydtejbmc3ke2arovq6sk3uarsza",
                "image_source_details": [],
                "instance_id": "",
                "launch_mode": "NATIVE",
                "launch_options": [
                  {
                    "boot_volume_type": "PARAVIRTUALIZED",
                    "firmware": "UEFI_64",
                    "is_consistent_volume_naming_enabled": true,
                    "is_pv_encryption_in_transit_enabled": true,
                    "network_type": "PARAVIRTUALIZED",
                    "remote_data_volume_type": "PARAVIRTUALIZED"
                  }
                ],
                "listing_type": "",
                "operating_system": "Canonical Ubuntu",
                "operating_system_version": "24.04 Minimal aarch64",
                "size_in_mbs": "47694",
                "state": "AVAILABLE",
                "time_created": "2026-03-04 22:45:29.391 +0000 UTC"
              }
            ],
            "operating_system": "Canonical Ubuntu",
            "operating_system_version": "24.04 Minimal aarch64",
            "shape": "VM.Standard.A1.Flex",
            "sort_by": "TIMECREATED",
            "sort_order": "DESC",
            "state": null
          },
          "sensitive_attributes": [],
          "identity_schema_version": 0
        }
      ]
    },
    {
      "mode": "data",
      "type": "oci_identity_availability_domains",
      "name": "ads",
      "provider": "provider[\"registry.terraform.io/oracle/oci\"]",
      "instances": [
        {
          "schema_version": 0,
          "attributes": {
            "availability_domains": [
              {
                "compartment_id": "ocid1.tenancy.oc1..aaaaaaaaiveqxkja2ekx72rjsdfojfm2sck5nnuxicjo3lytp7dy4lq76pjq",
                "id": "ocid1.availabilitydomain.oc1..aaaaaaaalhnzffyixz4hyhp7gtcdskahy22cekpcgndvwdjffrdv6d5iqi5a",
                "name": "XkLu:AP-SYDNEY-1-AD-1"
              }
            ],
            "compartment_id": "ocid1.tenancy.oc1..aaaaaaaaiveqxkja2ekx72rjsdfojfm2sck5nnuxicjo3lytp7dy4lq76pjq",
            "filter": null,
            "id": "IdentityAvailabilityDomainsDataSource-3338915989"
          },
          "sensitive_attributes": [],
          "identity_schema_version": 0
        }
      ]
    },
    {
      "mode": "managed",
      "type": "oci_kms_vault",
      "name": "main",
      "provider": "provider[\"registry.terraform.io/oracle/oci\"]",
      "instances": [
        {
          "schema_version": 0,
          "attributes": {
            "compartment_id": "ocid1.tenancy.oc1..aaaaaaaaiveqxkja2ekx72rjsdfojfm2sck5nnuxicjo3lytp7dy4lq76pjq",
            "crypto_endpoint": "https://fnve33utaagog-crypto.kms.ap-sydney-1.oraclecloud.com",
            "defined_tags": {
              "Oracle-Tags.CreatedBy": "default/sprajeesh@gmail.com",
              "Oracle-Tags.CreatedOn": "2026-07-08T06:30:43.305Z"
            },
            "display_name": "li-demo-vault",
            "external_key_manager_metadata": [],
            "external_key_manager_metadata_summary": [],
            "freeform_tags": {},
            "id": "ocid1.vault.oc1.ap-sydney-1.fnve33utaagog.abzxsljrbxubgszcb5jycmwetkemtpgpcfifpxwm72bingtiytk4kqt5l5iq",
            "is_primary": true,
            "management_endpoint": "https://fnve33utaagog-management.kms.ap-sydney-1.oraclecloud.com",
            "replica_details": [],
            "restore_from_file": [],
            "restore_from_object_store": [],
            "restore_trigger": null,
            "restored_from_vault_id": null,
            "state": "ACTIVE",
            "time_created": "2026-07-08 06:30:43.751 +0000 UTC",
            "time_of_deletion": null,
            "timeouts": null,
            "vault_type": "DEFAULT"
          },
          "sensitive_attributes": [],
          "identity_schema_version": 0,
          "private": "eyJlMmJmYjczMC1lY2FhLTExZTYtOGY4OC0zNDM2M2JjN2M0YzAiOnsiY3JlYXRlIjoxMjAwMDAwMDAwMDAwLCJkZWxldGUiOjEyMDAwMDAwMDAwMDAsInVwZGF0ZSI6MTIwMDAwMDAwMDAwMH0sInNjaGVtYV92ZXJzaW9uIjoiMCJ9"
        }
      ]
    }
  ],
  "check_results": null
}
